
Microsoft Visual Studio Solution File, Format Version 12.00
# Visual Studio Version 17
VisualStudioVersion = 17.7.33711.374
MinimumVisualStudioVersion = 10.0.40219.1
Project("{9A19103F-16F7-4668-BE54-9A1E7A4F7556}") = "ComptaBlazorPWA", "ComptaBlazorPWA\ComptaBlazorPWA.csproj", "{C5E9907E-ACBF-4ADF-A712-432F26B7040F}"
EndProject
Project("{9A19103F-16F7-4668-BE54-9A1E7A4F7556}") = "ComptaIdentityProvider", "ComptaIdentityProvider\ComptaIdentityProvider.csproj", "{6F9263DC-B81F-4F36-8C31-E94C69585BCC}"
EndProject
Project("{9A19103F-16F7-4668-BE54-9A1E7A4F7556}") = "ComptaIdentityRepository", "ComptaIdentityRepository\ComptaIdentityRepository.csproj", "{F112E2B5-0352-4C00-9FED-D48843F91EE6}"
EndProject
Project("{9A19103F-16F7-4668-BE54-9A1E7A4F7556}") = "ComptaTestClient", "ComptaTestClient\ComptaTestClient.csproj", "{999DECA1-D5B9-40D8-9EF1-7C5E18284CA8}"
EndProject
Global
	GlobalSection(SolutionConfigurationPlatforms) = preSolution
		Debug|Any CPU = Debug|Any CPU
		Release|Any CPU = Release|Any CPU
	EndGlobalSection
	GlobalSection(ProjectConfigurationPlatforms) = postSolution
		{C5E9907E-ACBF-4ADF-A712-432F26B7040F}.Debug|Any CPU.ActiveCfg = Debug|Any CPU
		{C5E9907E-ACBF-4ADF-A712-432F26B7040F}.Debug|Any CPU.Build.0 = Debug|Any CPU
		{C5E9907E-ACBF-4ADF-A712-432F26B7040F}.Release|Any CPU.ActiveCfg = Release|Any CPU
		{C5E9907E-ACBF-4ADF-A712-432F26B7040F}.Release|Any CPU.Build.0 = Release|Any CPU
		{6F9263DC-B81F-4F36-8C31-E94C69585BCC}.Debug|Any CPU.ActiveCfg = Debug|Any CPU
		{6F9263DC-B81F-4F36-8C31-E94C69585BCC}.Debug|Any CPU.Build.0 = Debug|Any CPU
		{6F9263DC-B81F-4F36-8C31-E94C69585BCC}.Release|Any CPU.ActiveCfg = Release|Any CPU
		{6F9263DC-B81F-4F36-8C31-E94C69585BCC}.Release|Any CPU.Build.0 = Release|Any CPU
		{F112E2B5-0352-4C00-9FED-D48843F91EE6}.Debug|Any CPU.ActiveCfg = Debug|Any CPU
		{F112E2B5-0352-4C00-9FED-D48843F91EE6}.Debug|Any CPU.Build.0 = Debug|Any CPU
		{F112E2B5-0352-4C00-9FED-D48843F91EE6}.Release|Any CPU.ActiveCfg = Release|Any CPU
		{F112E2B5-0352-4C00-9FED-D48843F91EE6}.Release|Any CPU.Build.0 = Release|Any CPU
		{999DECA1-D5B9-40D8-9EF1-7C5E18284CA8}.Debug|Any CPU.ActiveCfg = Debug|Any CPU
		{999DECA1-D5B9-40D8-9EF1-7C5E18284CA8}.Debug|Any CPU.Build.0 = Debug|Any CPU
		{999DECA1-D5B9-40D8-9EF1-7C5E18284CA8}.Release|Any CPU.ActiveCfg = Release|Any CPU
		{999DECA1-D5B9-40D8-9EF1-7C5E18284CA8}.Release|Any CPU.Build.0 = Release|Any CPU
	EndGlobalSection
	GlobalSection(SolutionProperties) = preSolution
		HideSolutionNode = FALSE
	EndGlobalSection
	GlobalSection(ExtensibilityGlobals) = postSolution
		SolutionGuid = {B4AF4792-AEBA-4FFB-ACA6-96DC67CECC50}
	EndGlobalSection
EndGlobal
